
Microsoft Visual Studio Solution File, Format Version 12.00
# Visual Studio Version 16
VisualStudioVersion = 16.0.30225.117
MinimumVisualStudioVersion = 10.0.40219.1
Project("{FAE04EC0-301F-11D3-BF4B-00C04F79EFBC}") = "Dan_XLIX_Nemanja_Pilipovic", "Dan_XLIX_Nemanja_Pilipovic\Dan_XLIX_Nemanja_Pilipovic.csproj", "{21C313ED-1FFC-405C-8A6A-A9CFEFB0E75A}"
EndProject
Global
	GlobalSection(SolutionConfigurationPlatforms) = preSolution
		Debug|Any CPU = Debug|Any CPU
		Release|Any CPU = Release|Any CPU
	EndGlobalSection
	GlobalSection(ProjectConfigurationPlatforms) = postSolution
		{21C313ED-1FFC-405C-8A6A-A9CFEFB0E75A}.Debug|Any CPU.ActiveCfg = Debug|Any CPU
		{21C313ED-1FFC-405C-8A6A-A9CFEFB0E75A}.Debug|Any CPU.Build.0 = Debug|Any CPU
		{21C313ED-1FFC-405C-8A6A-A9CFEFB0E75A}.Release|Any CPU.ActiveCfg = Release|Any CPU
		{21C313ED-1FFC-405C-8A6A-A9CFEFB0E75A}.Release|Any CPU.Build.0 = Release|Any CPU
	EndGlobalSection
	GlobalSection(SolutionProperties) = preSolution
		HideSolutionNode = FALSE
	EndGlobalSection
	GlobalSection(ExtensibilityGlobals) = postSolution
		SolutionGuid = {3592DA58-D5A1-4E17-BA52-46E2F47BB625}
	EndGlobalSection
EndGlobal
